
Microsoft Visual Studio Solution File, Format Version 12.00
# Visual Studio Version 17
VisualStudioVersion = 17.5.33424.131
MinimumVisualStudioVersion = 10.0.40219.1
Project("{FAE04EC0-301F-11D3-BF4B-00C04F79EFBC}") = "WindowsFormsApp62", "WindowsFormsApp62\WindowsFormsApp62.csproj", "{F9066B1F-3C7B-4517-ABFF-12C85A1CB415}"
EndProject
Global
	GlobalSection(SolutionConfigurationPlatforms) = preSolution
		Debug|Any CPU = Debug|Any CPU
		Release|Any CPU = Release|Any CPU
	EndGlobalSection
	GlobalSection(ProjectConfigurationPlatforms) = postSolution
		{F9066B1F-3C7B-4517-ABFF-12C85A1CB415}.Debug|Any CPU.ActiveCfg = Debug|Any CPU
		{F9066B1F-3C7B-4517-ABFF-12C85A1CB415}.Debug|Any CPU.Build.0 = Debug|Any CPU
		{F9066B1F-3C7B-4517-ABFF-12C85A1CB415}.Release|Any CPU.ActiveCfg = Release|Any CPU
		{F9066B1F-3C7B-4517-ABFF-12C85A1CB415}.Release|Any CPU.Build.0 = Release|Any CPU
	EndGlobalSection
	GlobalSection(SolutionProperties) = preSolution
		HideSolutionNode = FALSE
	EndGlobalSection
	GlobalSection(ExtensibilityGlobals) = postSolution
		SolutionGuid = {E2DA1833-AF65-41F5-8CE2-E693BEB27EFB}
	EndGlobalSection
EndGlobal
